// !$*UTF8*$!
{
	archiveVersion = 1;
	classes = {
	};
	objectVersion = 46;
	objects = {

/* Begin PBXBuildFile section */
		372EED28166FE3B60067C395 /* Default-568h@2x.png in Resources */ = {isa = PBXBuildFile; fileRef = 372EED27166FE3B60067C395 /* Default-568h@2x.png */; };
		6B014F5214B3DAC4001E922B /* GHMenuViewController.m in Sources */ = {isa = PBXBuildFile; fileRef = 6B014F5114B3DAC4001E922B /* GHMenuViewController.m */; };
		6B014F5714B41DB6001E922B /* GHSidebarSearchViewController.m in Sources */ = {isa = PBXBuildFile; fileRef = 6B014F5614B41DB6001E922B /* GHSidebarSearchViewController.m */; };
		6B0CAC0114BD064800394B5D /* searchBarIcon.png in Resources */ = {isa = PBXBuildFile; fileRef = 6B0CABFE14BD064800394B5D /* searchBarIcon.png */; };
		6B0CAC0214BD064800394B5D /* searchBarIcon@2x.png in Resources */ = {isa = PBXBuildFile; fileRef = 6B0CABFF14BD064800394B5D /* searchBarIcon@2x.png */; };
		6B0CAC0314BD064800394B5D /* searchTextBG.png in Resources */ = {isa = PBXBuildFile; fileRef = 6B0CAC0014BD064800394B5D /* searchTextBG.png */; };
		6B4BD80214B10447004BE0CC /* GHMenuCell.m in Sources */ = {isa = PBXBuildFile; fileRef = 6B4BD80114B10447004BE0CC /* GHMenuCell.m */; };
		6BBA75C014873DFE004E1A5E /* GHAppDelegate.m in Sources */ = {isa = PBXBuildFile; fileRef = 6BBA75BB14873DFD004E1A5E /* GHAppDelegate.m */; };
		6BBA75C114873DFE004E1A5E /* GHPushedViewController.m in Sources */ = {isa = PBXBuildFile; fileRef = 6BBA75BD14873DFD004E1A5E /* GHPushedViewController.m */; };
		6BBA75C214873DFE004E1A5E /* GHRootViewController.m in Sources */ = {isa = PBXBuildFile; fileRef = 6BBA75BF14873DFD004E1A5E /* GHRootViewController.m */; };
		6BBA75C914873E18004E1A5E /* InfoPlist.strings in Resources */ = {isa = PBXBuildFile; fileRef = 6BBA75C414873E18004E1A5E /* InfoPlist.strings */; };
		6BBA75CB14873E18004E1A5E /* main.m in Sources */ = {isa = PBXBuildFile; fileRef = 6BBA75C814873E18004E1A5E /* main.m */; };
		6BBA75CE14873E74004E1A5E /* searchBarBG.png in Resources */ = {isa = PBXBuildFile; fileRef = 6BBA75CC14873E74004E1A5E /* searchBarBG.png */; };
		6BBA75CF14873E74004E1A5E /* user.png in Resources */ = {isa = PBXBuildFile; fileRef = 6BBA75CD14873E74004E1A5E /* user.png */; };
		6BE3FCA9147A096500CDEC04 /* UIKit.framework in Frameworks */ = {isa = PBXBuildFile; fileRef = 6BE3FCA8147A096500CDEC04 /* UIKit.framework */; };
		6BE3FCAB147A096500CDEC04 /* Foundation.framework in Frameworks */ = {isa = PBXBuildFile; fileRef = 6BE3FCAA147A096500CDEC04 /* Foundation.framework */; };
		6BE3FCAD147A096500CDEC04 /* CoreGraphics.framework in Frameworks */ = {isa = PBXBuildFile; fileRef = 6BE3FCAC147A096500CDEC04 /* CoreGraphics.framework */; };
		6BE3FCC4147A09E400CDEC04 /* QuartzCore.framework in Frameworks */ = {isa = PBXBuildFile; fileRef = 6BE3FCC3147A09E400CDEC04 /* QuartzCore.framework */; };
		6BE3FCDA147A118200CDEC04 /* GHRevealViewController.m in Sources */ = {isa = PBXBuildFile; fileRef = 6BE3FCD6147A118200CDEC04 /* GHRevealViewController.m */; };
/* End PBXBuildFile section */

/* Begin PBXFileReference section */
		372EED27166FE3B60067C395 /* Default-568h@2x.png */ = {isa = PBXFileReference; lastKnownFileType = image.png; path = "Default-568h@2x.png"; sourceTree = "<group>"; };
		6B014F5014B3DAC4001E922B /* GHMenuViewController.h */ = {isa = PBXFileReference; fileEncoding = 4; lastKnownFileType = sourcecode.c.h; name = GHMenuViewController.h; path = Demo/GHMenuViewController.h; sourceTree = SOURCE_ROOT; };
		6B014F5114B3DAC4001E922B /* GHMenuViewController.m */ = {isa = PBXFileReference; fileEncoding = 4; lastKnownFileType = sourcecode.c.objc; name = GHMenuViewController.m; path = Demo/GHMenuViewController.m; sourceTree = SOURCE_ROOT; };
		6B014F5514B41DB6001E922B /* GHSidebarSearchViewController.h */ = {isa = PBXFileReference; fileEncoding = 4; lastKnownFileType = sourcecode.c.h; path = GHSidebarSearchViewController.h; sourceTree = "<group>"; };
		6B014F5614B41DB6001E922B /* GHSidebarSearchViewController.m */ = {isa = PBXFileReference; fileEncoding = 4; lastKnownFileType = sourcecode.c.objc; path = GHSidebarSearchViewController.m; sourceTree = "<group>"; };
		6B0CABFE14BD064800394B5D /* searchBarIcon.png */ = {isa = PBXFileReference; lastKnownFileType = image.png; name = searchBarIcon.png; path = Images/searchBarIcon.png; sourceTree = "<group>"; };
		6B0CABFF14BD064800394B5D /* searchBarIcon@2x.png */ = {isa = PBXFileReference; lastKnownFileType = image.png; name = "searchBarIcon@2x.png"; path = "Images/searchBarIcon@2x.png"; sourceTree = "<group>"; };
		6B0CAC0014BD064800394B5D /* searchTextBG.png */ = {isa = PBXFileReference; lastKnownFileType = image.png; name = searchTextBG.png; path = Images/searchTextBG.png; sourceTree = "<group>"; };
		6B4BD80014B10447004BE0CC /* GHMenuCell.h */ = {isa = PBXFileReference; fileEncoding = 4; lastKnownFileType = sourcecode.c.h; name = GHMenuCell.h; path = Demo/GHMenuCell.h; sourceTree = SOURCE_ROOT; };
		6B4BD80114B10447004BE0CC /* GHMenuCell.m */ = {isa = PBXFileReference; fileEncoding = 4; lastKnownFileType = sourcecode.c.objc; name = GHMenuCell.m; path = Demo/GHMenuCell.m; sourceTree = SOURCE_ROOT; };
		6B71B28C14B8C98E00588FB6 /* GHSidebarSearchViewControllerDelegate.h */ = {isa = PBXFileReference; fileEncoding = 4; lastKnownFileType = sourcecode.c.h; path = GHSidebarSearchViewControllerDelegate.h; sourceTree = "<group>"; };
		6B74312C15C23FBF00474C2E /* NSObject+Subscripts.h */ = {isa = PBXFileReference; fileEncoding = 4; lastKnownFileType = sourcecode.c.h; path = "NSObject+Subscripts.h"; sourceTree = "<group>"; };
		6BBA75BA14873DFD004E1A5E /* GHAppDelegate.h */ = {isa = PBXFileReference; fileEncoding = 4; lastKnownFileType = sourcecode.c.h; name = GHAppDelegate.h; path = Demo/GHAppDelegate.h; sourceTree = SOURCE_ROOT; };
		6BBA75BB14873DFD004E1A5E /* GHAppDelegate.m */ = {isa = PBXFileReference; fileEncoding = 4; lastKnownFileType = sourcecode.c.objc; name = GHAppDelegate.m; path = Demo/GHAppDelegate.m; sourceTree = SOURCE_ROOT; };
		6BBA75BC14873DFD004E1A5E /* GHPushedViewController.h */ = {isa = PBXFileReference; fileEncoding = 4; lastKnownFileType = sourcecode.c.h; name = GHPushedViewController.h; path = Demo/GHPushedViewController.h; sourceTree = SOURCE_ROOT; };
		6BBA75BD14873DFD004E1A5E /* GHPushedViewController.m */ = {isa = PBXFileReference; fileEncoding = 4; lastKnownFileType = sourcecode.c.objc; name = GHPushedViewController.m; path = Demo/GHPushedViewController.m; sourceTree = SOURCE_ROOT; };
		6BBA75BE14873DFD004E1A5E /* GHRootViewController.h */ = {isa = PBXFileReference; fileEncoding = 4; lastKnownFileType = sourcecode.c.h; name = GHRootViewController.h; path = Demo/GHRootViewController.h; sourceTree = SOURCE_ROOT; };
		6BBA75BF14873DFD004E1A5E /* GHRootViewController.m */ = {isa = PBXFileReference; fileEncoding = 4; lastKnownFileType = sourcecode.c.objc; name = GHRootViewController.m; path = Demo/GHRootViewController.m; sourceTree = SOURCE_ROOT; };
		6BBA75C514873E18004E1A5E /* en */ = {isa = PBXFileReference; lastKnownFileType = text.plist.strings; name = en; path = InfoPlist.strings; sourceTree = "<group>"; };
		6BBA75C614873E18004E1A5E /* GHSidebarNav-Info.plist */ = {isa = PBXFileReference; fileEncoding = 4; lastKnownFileType = text.plist.xml; name = "GHSidebarNav-Info.plist"; path = "Demo/GHSidebarNav-Info.plist"; sourceTree = SOURCE_ROOT; };
		6BBA75C714873E18004E1A5E /* GHSidebarNav-Prefix.pch */ = {isa = PBXFileReference; fileEncoding = 4; lastKnownFileType = sourcecode.c.h; name = "GHSidebarNav-Prefix.pch"; path = "Demo/GHSidebarNav-Prefix.pch"; sourceTree = SOURCE_ROOT; };
		6BBA75C814873E18004E1A5E /* main.m */ = {isa = PBXFileReference; fileEncoding = 4; lastKnownFileType = sourcecode.c.objc; name = main.m; path = Demo/main.m; sourceTree = SOURCE_ROOT; };
		6BBA75CC14873E74004E1A5E /* searchBarBG.png */ = {isa = PBXFileReference; lastKnownFileType = image.png; name = searchBarBG.png; path = Images/searchBarBG.png; sourceTree = "<group>"; };
		6BBA75CD14873E74004E1A5E /* user.png */ = {isa = PBXFileReference; lastKnownFileType = image.png; name = user.png; path = Images/user.png; sourceTree = "<group>"; };
		6BE3FCA4147A096500CDEC04 /* GHSidebarNav.app */ = {isa = PBXFileReference; explicitFileType = wrapper.application; includeInIndex = 0; path = GHSidebarNav.app; sourceTree = BUILT_PRODUCTS_DIR; };
		6BE3FCA8147A096500CDEC04 /* UIKit.framework */ = {isa = PBXFileReference; lastKnownFileType = wrapper.framework; name = UIKit.framework; path = System/Library/Frameworks/UIKit.framework; sourceTree = SDKROOT; };
		6BE3FCAA147A096500CDEC04 /* Foundation.framework */ = {isa = PBXFileReference; lastKnownFileType = wrapper.framework; name = Foundation.framework; path = System/Library/Frameworks/Foundation.framework; sourceTree = SDKROOT; };
		6BE3FCAC147A096500CDEC04 /* CoreGraphics.framework */ = {isa = PBXFileReference; lastKnownFileType = wrapper.framework; name = CoreGraphics.framework; path = System/Library/Frameworks/CoreGraphics.framework; sourceTree = SDKROOT; };
		6BE3FCC3147A09E400CDEC04 /* QuartzCore.framework */ = {isa = PBXFileReference; lastKnownFileType = wrapper.framework; name = QuartzCore.framework; path = System/Library/Frameworks/QuartzCore.framework; sourceTree = SDKROOT; };
		6BE3FCD5147A118100CDEC04 /* GHRevealViewController.h */ = {isa = PBXFileReference; fileEncoding = 4; lastKnownFileType = sourcecode.c.h; path = GHRevealViewController.h; sourceTree = "<group>"; };
		6BE3FCD6147A118200CDEC04 /* GHRevealViewController.m */ = {isa = PBXFileReference; fileEncoding = 4; lastKnownFileType = sourcecode.c.objc; path = GHRevealViewController.m; sourceTree = "<group>"; };
/* End PBXFileReference section */

/* Begin PBXFrameworksBuildPhase section */
		6BE3FCA1147A096500CDEC04 /* Frameworks */ = {
			isa = PBXFrameworksBuildPhase;
			buildActionMask = 2147483647;
			files = (
				6BE3FCC4147A09E400CDEC04 /* QuartzCore.framework in Frameworks */,
				6BE3FCA9147A096500CDEC04 /* UIKit.framework in Frameworks */,
				6BE3FCAB147A096500CDEC04 /* Foundation.framework in Frameworks */,
				6BE3FCAD147A096500CDEC04 /* CoreGraphics.framework in Frameworks */,
			);
			runOnlyForDeploymentPostprocessing = 0;
		};
/* End PBXFrameworksBuildPhase section */

/* Begin PBXGroup section */
		6B74312915C23F4B00474C2E /* Utils */ = {
			isa = PBXGroup;
			children = (
				6B74312C15C23FBF00474C2E /* NSObject+Subscripts.h */,
			);
			name = Utils;
			sourceTree = "<group>";
		};
		6BBA75B914872E10004E1A5E /* Demo */ = {
			isa = PBXGroup;
			children = (
				6BBA75BA14873DFD004E1A5E /* GHAppDelegate.h */,
				6BBA75BB14873DFD004E1A5E /* GHAppDelegate.m */,
				6B4BD80014B10447004BE0CC /* GHMenuCell.h */,
				6B4BD80114B10447004BE0CC /* GHMenuCell.m */,
				6B014F5014B3DAC4001E922B /* GHMenuViewController.h */,
				6B014F5114B3DAC4001E922B /* GHMenuViewController.m */,
				6BBA75BC14873DFD004E1A5E /* GHPushedViewController.h */,
				6BBA75BD14873DFD004E1A5E /* GHPushedViewController.m */,
				6BBA75BE14873DFD004E1A5E /* GHRootViewController.h */,
				6BBA75BF14873DFD004E1A5E /* GHRootViewController.m */,
				6BE3FCAF147A096500CDEC04 /* Supporting Files */,
			);
			name = Demo;
			path = GHSidebarNav/GHSidebarNavDemo;
			sourceTree = "<group>";
		};
		6BBA75C314873E18004E1A5E /* en.lproj */ = {
			isa = PBXGroup;
			children = (
				6BBA75C414873E18004E1A5E /* InfoPlist.strings */,
			);
			name = en.lproj;
			path = Demo/en.lproj;
			sourceTree = SOURCE_ROOT;
		};
		6BE3FC99147A096400CDEC04 = {
			isa = PBXGroup;
			children = (
				372EED27166FE3B60067C395 /* Default-568h@2x.png */,
				6B74312915C23F4B00474C2E /* Utils */,
				6BE3FCAE147A096500CDEC04 /* GHSidebarNav */,
				6BBA75B914872E10004E1A5E /* Demo */,
				6BE3FCCA147A115600CDEC04 /* Resources */,
				6BE3FCA7147A096500CDEC04 /* Frameworks */,
				6BE3FCA5147A096500CDEC04 /* Products */,
			);
			sourceTree = "<group>";
		};
		6BE3FCA5147A096500CDEC04 /* Products */ = {
			isa = PBXGroup;
			children = (
				6BE3FCA4147A096500CDEC04 /* GHSidebarNav.app */,
			);
			name = Products;
			sourceTree = "<group>";
		};
		6BE3FCA7147A096500CDEC04 /* Frameworks */ = {
			isa = PBXGroup;
			children = (
				6BE3FCC3147A09E400CDEC04 /* QuartzCore.framework */,
				6BE3FCA8147A096500CDEC04 /* UIKit.framework */,
				6BE3FCAA147A096500CDEC04 /* Foundation.framework */,
				6BE3FCAC147A096500CDEC04 /* CoreGraphics.framework */,
			);
			name = Frameworks;
			sourceTree = "<group>";
		};
		6BE3FCAE147A096500CDEC04 /* GHSidebarNav */ = {
			isa = PBXGroup;
			children = (
				6BE3FCD5147A118100CDEC04 /* GHRevealViewController.h */,
				6BE3FCD6147A118200CDEC04 /* GHRevealViewController.m */,
				6B014F5514B41DB6001E922B /* GHSidebarSearchViewController.h */,
				6B014F5614B41DB6001E922B /* GHSidebarSearchViewController.m */,
				6B71B28C14B8C98E00588FB6 /* GHSidebarSearchViewControllerDelegate.h */,
			);
			path = GHSidebarNav;
			sourceTree = "<group>";
		};
		6BE3FCAF147A096500CDEC04 /* Supporting Files */ = {
			isa = PBXGroup;
			children = (
				6BBA75C314873E18004E1A5E /* en.lproj */,
				6BBA75C614873E18004E1A5E /* GHSidebarNav-Info.plist */,
				6BBA75C714873E18004E1A5E /* GHSidebarNav-Prefix.pch */,
				6BBA75C814873E18004E1A5E /* main.m */,
			);
			name = "Supporting Files";
			path = ..;
			sourceTree = "<group>";
		};
		6BE3FCCA147A115600CDEC04 /* Resources */ = {
			isa = PBXGroup;
			children = (
				6BBA75CC14873E74004E1A5E /* searchBarBG.png */,
				6B0CABFE14BD064800394B5D /* searchBarIcon.png */,
				6B0CABFF14BD064800394B5D /* searchBarIcon@2x.png */,
				6B0CAC0014BD064800394B5D /* searchTextBG.png */,
				6BBA75CD14873E74004E1A5E /* user.png */,
			);
			name = Resources;
			path = GHSidebarNav;
			sourceTree = "<group>";
		};
/* End PBXGroup section */

/* Begin PBXNativeTarget section */
		6BE3FCA3147A096500CDEC04 /* GHSidebarNav */ = {
			isa = PBXNativeTarget;
			buildConfigurationList = 6BE3FCBC147A096500CDEC04 /* Build configuration list for PBXNativeTarget "GHSidebarNav" */;
			buildPhases = (
				6BE3FCA0147A096500CDEC04 /* Sources */,
				6BE3FCA1147A096500CDEC04 /* Frameworks */,
				6BE3FCA2147A096500CDEC04 /* Resources */,
			);
			buildRules = (
			);
			dependencies = (
			);
			name = GHSidebarNav;
			productName = GHSidebarNav;
			productReference = 6BE3FCA4147A096500CDEC04 /* GHSidebarNav.app */;
			productType = "com.apple.product-type.application";
		};
/* End PBXNativeTarget section */

/* Begin PBXProject section */
		6BE3FC9B147A096400CDEC04 /* Project object */ = {
			isa = PBXProject;
			attributes = {
				LastUpgradeCheck = 0420;
			};
			buildConfigurationList = 6BE3FC9E147A096400CDEC04 /* Build configuration list for PBXProject "GHSidebarNav" */;
			compatibilityVersion = "Xcode 3.2";
			developmentRegion = English;
			hasScannedForEncodings = 0;
			knownRegions = (
				en,
			);
			mainGroup = 6BE3FC99147A096400CDEC04;
			productRefGroup = 6BE3FCA5147A096500CDEC04 /* Products */;
			projectDirPath = "";
			projectRoot = "";
			targets = (
				6BE3FCA3147A096500CDEC04 /* GHSidebarNav */,
			);
		};
/* End PBXProject section */

/* Begin PBXResourcesBuildPhase section */
		6BE3FCA2147A096500CDEC04 /* Resources */ = {
			isa = PBXResourcesBuildPhase;
			buildActionMask = 2147483647;
			files = (
				6BBA75C914873E18004E1A5E /* InfoPlist.strings in Resources */,
				6BBA75CE14873E74004E1A5E /* searchBarBG.png in Resources */,
				6BBA75CF14873E74004E1A5E /* user.png in Resources */,
				6B0CAC0114BD064800394B5D /* searchBarIcon.png in Resources */,
				6B0CAC0214BD064800394B5D /* searchBarIcon@2x.png in Resources */,
				6B0CAC0314BD064800394B5D /* searchTextBG.png in Resources */,
				372EED28166FE3B60067C395 /* Default-568h@2x.png in Resources */,
			);
			runOnlyForDeploymentPostprocessing = 0;
		};
/* End PBXResourcesBuildPhase section */

/* Begin PBXSourcesBuildPhase section */
		6BE3FCA0147A096500CDEC04 /* Sources */ = {
			isa = PBXSourcesBuildPhase;
			buildActionMask = 2147483647;
			files = (
				6BE3FCDA147A118200CDEC04 /* GHRevealViewController.m in Sources */,
				6BBA75C014873DFE004E1A5E /* GHAppDelegate.m in Sources */,
				6BBA75C114873DFE004E1A5E /* GHPushedViewController.m in Sources */,
				6BBA75C214873DFE004E1A5E /* GHRootViewController.m in Sources */,
				6BBA75CB14873E18004E1A5E /* main.m in Sources */,
				6B4BD80214B10447004BE0CC /* GHMenuCell.m in Sources */,
				6B014F5214B3DAC4001E922B /* GHMenuViewController.m in Sources */,
				6B014F5714B41DB6001E922B /* GHSidebarSearchViewController.m in Sources */,
			);
			runOnlyForDeploymentPostprocessing = 0;
		};
/* End PBXSourcesBuildPhase section */

/* Begin PBXVariantGroup section */
		6BBA75C414873E18004E1A5E /* InfoPlist.strings */ = {
			isa = PBXVariantGroup;
			children = (
				6BBA75C514873E18004E1A5E /* en */,
			);
			name = InfoPlist.strings;
			sourceTree = "<group>";
		};
/* End PBXVariantGroup section */

/* Begin XCBuildConfiguration section */
		6BE3FCBA147A096500CDEC04 /* Debug */ = {
			isa = XCBuildConfiguration;
			buildSettings = {
				ALWAYS_SEARCH_USER_PATHS = NO;
				ARCHS = "$(ARCHS_STANDARD_32_BIT)";
				CLANG_ENABLE_OBJC_ARC = YES;
				"CODE_SIGN_IDENTITY[sdk=iphoneos*]" = "iPhone Developer";
				COPY_PHASE_STRIP = NO;
				GCC_C_LANGUAGE_STANDARD = gnu99;
				GCC_DYNAMIC_NO_PIC = NO;
				GCC_OPTIMIZATION_LEVEL = 0;
				GCC_PREPROCESSOR_DEFINITIONS = (
					"DEBUG=1",
					"$(inherited)",
				);
				GCC_SYMBOLS_PRIVATE_EXTERN = NO;
				GCC_VERSION = com.apple.compilers.llvm.clang.1_0;
				GCC_WARN_64_TO_32_BIT_CONVERSION = YES;
				GCC_WARN_ABOUT_MISSING_FIELD_INITIALIZERS = YES;
				GCC_WARN_ABOUT_MISSING_NEWLINE = YES;
				GCC_WARN_ABOUT_MISSING_PROTOTYPES = YES;
				GCC_WARN_ABOUT_RETURN_TYPE = YES;
				GCC_WARN_INITIALIZER_NOT_FULLY_BRACKETED = YES;
				GCC_WARN_PEDANTIC = YES;
				GCC_WARN_SHADOW = YES;
				GCC_WARN_SIGN_COMPARE = YES;
				GCC_WARN_UNDECLARED_SELECTOR = YES;
				GCC_WARN_UNUSED_FUNCTION = YES;
				GCC_WARN_UNUSED_LABEL = YES;
				GCC_WARN_UNUSED_PARAMETER = NO;
				GCC_WARN_UNUSED_VARIABLE = YES;
				IPHONEOS_DEPLOYMENT_TARGET = 5.0;
				RUN_CLANG_STATIC_ANALYZER = YES;
				SDKROOT = iphoneos;
				TARGETED_DEVICE_FAMILY = "1,2";
			};
			name = Debug;
		};
		6BE3FCBB147A096500CDEC04 /* Release */ = {
			isa = XCBuildConfiguration;
			buildSettings = {
				ALWAYS_SEARCH_USER_PATHS = NO;
				ARCHS = "$(ARCHS_STANDARD_32_BIT)";
				CLANG_ENABLE_OBJC_ARC = YES;
				"CODE_SIGN_IDENTITY[sdk=iphoneos*]" = "iPhone Developer";
				COPY_PHASE_STRIP = YES;
				GCC_C_LANGUAGE_STANDARD = gnu99;
				GCC_VERSION = com.apple.compilers.llvm.clang.1_0;
				GCC_WARN_64_TO_32_BIT_CONVERSION = YES;
				GCC_WARN_ABOUT_MISSING_FIELD_INITIALIZERS = YES;
				GCC_WARN_ABOUT_MISSING_NEWLINE = YES;
				GCC_WARN_ABOUT_MISSING_PROTOTYPES = YES;
				GCC_WARN_ABOUT_RETURN_TYPE = YES;
				GCC_WARN_INITIALIZER_NOT_FULLY_BRACKETED = YES;
				GCC_WARN_PEDANTIC = YES;
				GCC_WARN_SHADOW = YES;
				GCC_WARN_SIGN_COMPARE = YES;
				GCC_WARN_UNDECLARED_SELECTOR = YES;
				GCC_WARN_UNUSED_FUNCTION = YES;
				GCC_WARN_UNUSED_LABEL = YES;
				GCC_WARN_UNUSED_PARAMETER = NO;
				GCC_WARN_UNUSED_VARIABLE = YES;
				IPHONEOS_DEPLOYMENT_TARGET = 5.0;
				OTHER_CFLAGS = "-DNS_BLOCK_ASSERTIONS=1";
				RUN_CLANG_STATIC_ANALYZER = YES;
				SDKROOT = iphoneos;
				TARGETED_DEVICE_FAMILY = "1,2";
				VALIDATE_PRODUCT = YES;
			};
			name = Release;
		};
		6BE3FCBD147A096500CDEC04 /* Debug */ = {
			isa = XCBuildConfiguration;
			buildSettings = {
				GCC_PRECOMPILE_PREFIX_HEADER = YES;
				GCC_PREFIX_HEADER = "Demo/GHSidebarNav-Prefix.pch";
				INFOPLIST_FILE = "Demo/GHSidebarNav-Info.plist";
				PRODUCT_NAME = "$(TARGET_NAME)";
				WRAPPER_EXTENSION = app;
			};
			name = Debug;
		};
		6BE3FCBE147A096500CDEC04 /* Release */ = {
			isa = XCBuildConfiguration;
			buildSettings = {
				GCC_PRECOMPILE_PREFIX_HEADER = YES;
				GCC_PREFIX_HEADER = "Demo/GHSidebarNav-Prefix.pch";
				INFOPLIST_FILE = "Demo/GHSidebarNav-Info.plist";
				PRODUCT_NAME = "$(TARGET_NAME)";
				WRAPPER_EXTENSION = app;
			};
			name = Release;
		};
/* End XCBuildConfiguration section */

/* Begin XCConfigurationList section */
		6BE3FC9E147A096400CDEC04 /* Build configuration list for PBXProject "GHSidebarNav" */ = {
			isa = XCConfigurationList;
			buildConfigurations = (
				6BE3FCBA147A096500CDEC04 /* Debug */,
				6BE3FCBB147A096500CDEC04 /* Release */,
			);
			defaultConfigurationIsVisible = 0;
			defaultConfigurationName = Release;
		};
		6BE3FCBC147A096500CDEC04 /* Build configuration list for PBXNativeTarget "GHSidebarNav" */ = {
			isa = XCConfigurationList;
			buildConfigurations = (
				6BE3FCBD147A096500CDEC04 /* Debug */,
				6BE3FCBE147A096500CDEC04 /* Release */,
			);
			defaultConfigurationIsVisible = 0;
			defaultConfigurationName = Release;
		};
/* End XCConfigurationList section */
	};
	rootObject = 6BE3FC9B147A096400CDEC04 /* Project object */;
}
